
Microsoft Visual Studio Solution File, Format Version 12.00
# Visual Studio Version 17
VisualStudioVersion = 17.9.34728.123
MinimumVisualStudioVersion = 10.0.40219.1
Project("{8BC9CEB8-8B4A-11D0-8D11-00A0C91BC942}") = "YandexStudy", "YandexStudy\YandexStudy.vcxproj", "{9D9F9AEB-5D3E-4071-8505-CA6300C5755E}"
EndProject
Project("{8BC9CEB8-8B4A-11D0-8D11-00A0C91BC942}") = "Numbers", "Numbers\Numbers.vcxproj", "{A98C584F-76E0-4771-956D-B0E450F275E4}"
EndProject
Project("{8BC9CEB8-8B4A-11D0-8D11-00A0C91BC942}") = "TaskTracker", "TaskTracker\TaskTracker.vcxproj", "{CCB6E03D-D390-4BD5-A338-0905C6671F66}"
EndProject
Project("{8BC9CEB8-8B4A-11D0-8D11-00A0C91BC942}") = "FindingSystem", "FindingSystem\FindingSystem.vcxproj", "{0A1A71EC-31CF-4E2A-95F5-C6CFE4689FDF}"
EndProject
Project("{8BC9CEB8-8B4A-11D0-8D11-00A0C91BC942}") = "3dModule", "3dModule\3dModule.vcxproj", "{4E29D0F4-0D79-4568-82B9-C9EE03139E53}"
EndProject
Project("{8BC9CEB8-8B4A-11D0-8D11-00A0C91BC942}") = "SearchServer", "SearchServer\SearchServer.vcxproj", "{E0E7BF9C-AC30-44F1-897B-D3EA7FF65B7F}"
EndProject
Project("{8BC9CEB8-8B4A-11D0-8D11-00A0C91BC942}") = "HanoiTower", "HanoiTower\HanoiTower.vcxproj", "{C22D7439-932E-4342-AB68-20A4FD84E567}"
EndProject
Project("{8BC9CEB8-8B4A-11D0-8D11-00A0C91BC942}") = "Module4", "Module4\Module4.vcxproj", "{93E8EFCB-829E-46B3-97C2-CD54440F3DE5}"
EndProject
Project("{8BC9CEB8-8B4A-11D0-8D11-00A0C91BC942}") = "House", "House\House.vcxproj", "{0512EF58-4A96-468B-A6B3-EC928BB3A325}"
EndProject
Project("{8BC9CEB8-8B4A-11D0-8D11-00A0C91BC942}") = "Utils", "Utils\Utils.vcxproj", "{8F4AFC2F-22AC-44D9-8CC2-C4ACB3651159}"
EndProject
Project("{8BC9CEB8-8B4A-11D0-8D11-00A0C91BC942}") = "Sprint6", "ConsoleApplication1\ConsoleApplication1.vcxproj", "{9B6E7659-8E26-4D0E-9D52-E2D3EADDE2EC}"
EndProject
Project("{8BC9CEB8-8B4A-11D0-8D11-00A0C91BC942}") = "7thmodule", "7thmodule\7thmodule.vcxproj", "{4169FF8C-21A3-4288-AA0A-96820BF7D111}"
EndProject
Project("{8BC9CEB8-8B4A-11D0-8D11-00A0C91BC942}") = "8thmodule2nd", "8thmodule2nd\8thmodule2nd.vcxproj", "{52890289-D19B-4979-8F5D-BBA6AAAC9036}"
EndProject
Project("{8BC9CEB8-8B4A-11D0-8D11-00A0C91BC942}") = "9thmodule", "9thmodule\9thmodule.vcxproj", "{D4B9D734-4F6E-40D8-9DDF-5F1AFCD19C26}"
EndProject
Project("{8BC9CEB8-8B4A-11D0-8D11-00A0C91BC942}") = "10module", "10module\10module.vcxproj", "{CC35F0EB-F9AB-4C25-B6BE-164FA90D4FEE}"
EndProject
Project("{8BC9CEB8-8B4A-11D0-8D11-00A0C91BC942}") = "10.2", "10.2\10.2.vcxproj", "{825FD3A8-D131-4E58-8A14-1162DB8CD31D}"
EndProject
Project("{8BC9CEB8-8B4A-11D0-8D11-00A0C91BC942}") = "SVGLib", "SVGLib\SVGLib.vcxproj", "{8DC683F6-D410-4DB4-8F75-2230D5363AA7}"
EndProject
Global
	GlobalSection(SolutionConfigurationPlatforms) = preSolution
		Debug|x64 = Debug|x64
		Debug|x86 = Debug|x86
		Release|x64 = Release|x64
		Release|x86 = Release|x86
	EndGlobalSection
	GlobalSection(ProjectConfigurationPlatforms) = postSolution
		{9D9F9AEB-5D3E-4071-8505-CA6300C5755E}.Debug|x64.ActiveCfg = Debug|x64
		{9D9F9AEB-5D3E-4071-8505-CA6300C5755E}.Debug|x64.Build.0 = Debug|x64
		{9D9F9AEB-5D3E-4071-8505-CA6300C5755E}.Debug|x86.ActiveCfg = Debug|Win32
		{9D9F9AEB-5D3E-4071-8505-CA6300C5755E}.Debug|x86.Build.0 = Debug|Win32
		{9D9F9AEB-5D3E-4071-8505-CA6300C5755E}.Release|x64.ActiveCfg = Release|x64
		{9D9F9AEB-5D3E-4071-8505-CA6300C5755E}.Release|x64.Build.0 = Release|x64
		{9D9F9AEB-5D3E-4071-8505-CA6300C5755E}.Release|x86.ActiveCfg = Release|Win32
		{9D9F9AEB-5D3E-4071-8505-CA6300C5755E}.Release|x86.Build.0 = Release|Win32
		{A98C584F-76E0-4771-956D-B0E450F275E4}.Debug|x64.ActiveCfg = Debug|x64
		{A98C584F-76E0-4771-956D-B0E450F275E4}.Debug|x64.Build.0 = Debug|x64
		{A98C584F-76E0-4771-956D-B0E450F275E4}.Debug|x86.ActiveCfg = Debug|Win32
		{A98C584F-76E0-4771-956D-B0E450F275E4}.Debug|x86.Build.0 = Debug|Win32
		{A98C584F-76E0-4771-956D-B0E450F275E4}.Release|x64.ActiveCfg = Release|x64
		{A98C584F-76E0-4771-956D-B0E450F275E4}.Release|x64.Build.0 = Release|x64
		{A98C584F-76E0-4771-956D-B0E450F275E4}.Release|x86.ActiveCfg = Release|Win32
		{A98C584F-76E0-4771-956D-B0E450F275E4}.Release|x86.Build.0 = Release|Win32
		{CCB6E03D-D390-4BD5-A338-0905C6671F66}.Debug|x64.ActiveCfg = Debug|x64
		{CCB6E03D-D390-4BD5-A338-0905C6671F66}.Debug|x64.Build.0 = Debug|x64
		{CCB6E03D-D390-4BD5-A338-0905C6671F66}.Debug|x86.ActiveCfg = Debug|Win32
		{CCB6E03D-D390-4BD5-A338-0905C6671F66}.Debug|x86.Build.0 = Debug|Win32
		{CCB6E03D-D390-4BD5-A338-0905C6671F66}.Release|x64.ActiveCfg = Release|x64
		{CCB6E03D-D390-4BD5-A338-0905C6671F66}.Release|x64.Build.0 = Release|x64
		{CCB6E03D-D390-4BD5-A338-0905C6671F66}.Release|x86.ActiveCfg = Release|Win32
		{CCB6E03D-D390-4BD5-A338-0905C6671F66}.Release|x86.Build.0 = Release|Win32
		{0A1A71EC-31CF-4E2A-95F5-C6CFE4689FDF}.Debug|x64.ActiveCfg = Debug|x64
		{0A1A71EC-31CF-4E2A-95F5-C6CFE4689FDF}.Debug|x64.Build.0 = Debug|x64
		{0A1A71EC-31CF-4E2A-95F5-C6CFE4689FDF}.Debug|x86.ActiveCfg = Debug|Win32
		{0A1A71EC-31CF-4E2A-95F5-C6CFE4689FDF}.Debug|x86.Build.0 = Debug|Win32
		{0A1A71EC-31CF-4E2A-95F5-C6CFE4689FDF}.Release|x64.ActiveCfg = Release|x64
		{0A1A71EC-31CF-4E2A-95F5-C6CFE4689FDF}.Release|x64.Build.0 = Release|x64
		{0A1A71EC-31CF-4E2A-95F5-C6CFE4689FDF}.Release|x86.ActiveCfg = Release|Win32
		{0A1A71EC-31CF-4E2A-95F5-C6CFE4689FDF}.Release|x86.Build.0 = Release|Win32
		{4E29D0F4-0D79-4568-82B9-C9EE03139E53}.Debug|x64.ActiveCfg = Debug|x64
		{4E29D0F4-0D79-4568-82B9-C9EE03139E53}.Debug|x64.Build.0 = Debug|x64
		{4E29D0F4-0D79-4568-82B9-C9EE03139E53}.Debug|x86.ActiveCfg = Debug|Win32
		{4E29D0F4-0D79-4568-82B9-C9EE03139E53}.Debug|x86.Build.0 = Debug|Win32
		{4E29D0F4-0D79-4568-82B9-C9EE03139E53}.Release|x64.ActiveCfg = Release|x64
		{4E29D0F4-0D79-4568-82B9-C9EE03139E53}.Release|x64.Build.0 = Release|x64
		{4E29D0F4-0D79-4568-82B9-C9EE03139E53}.Release|x86.ActiveCfg = Release|Win32
		{4E29D0F4-0D79-4568-82B9-C9EE03139E53}.Release|x86.Build.0 = Release|Win32
		{E0E7BF9C-AC30-44F1-897B-D3EA7FF65B7F}.Debug|x64.ActiveCfg = Debug|x64
		{E0E7BF9C-AC30-44F1-897B-D3EA7FF65B7F}.Debug|x64.Build.0 = Debug|x64
		{E0E7BF9C-AC30-44F1-897B-D3EA7FF65B7F}.Debug|x86.ActiveCfg = Debug|Win32
		{E0E7BF9C-AC30-44F1-897B-D3EA7FF65B7F}.Debug|x86.Build.0 = Debug|Win32
		{E0E7BF9C-AC30-44F1-897B-D3EA7FF65B7F}.Release|x64.ActiveCfg = Release|x64
		{E0E7BF9C-AC30-44F1-897B-D3EA7FF65B7F}.Release|x64.Build.0 = Release|x64
		{E0E7BF9C-AC30-44F1-897B-D3EA7FF65B7F}.Release|x86.ActiveCfg = Release|Win32
		{E0E7BF9C-AC30-44F1-897B-D3EA7FF65B7F}.Release|x86.Build.0 = Release|Win32
		{C22D7439-932E-4342-AB68-20A4FD84E567}.Debug|x64.ActiveCfg = Debug|x64
		{C22D7439-932E-4342-AB68-20A4FD84E567}.Debug|x64.Build.0 = Debug|x64
		{C22D7439-932E-4342-AB68-20A4FD84E567}.Debug|x86.ActiveCfg = Debug|Win32
		{C22D7439-932E-4342-AB68-20A4FD84E567}.Debug|x86.Build.0 = Debug|Win32
		{C22D7439-932E-4342-AB68-20A4FD84E567}.Release|x64.ActiveCfg = Release|x64
		{C22D7439-932E-4342-AB68-20A4FD84E567}.Release|x64.Build.0 = Release|x64
		{C22D7439-932E-4342-AB68-20A4FD84E567}.Release|x86.ActiveCfg = Release|Win32
		{C22D7439-932E-4342-AB68-20A4FD84E567}.Release|x86.Build.0 = Release|Win32
		{93E8EFCB-829E-46B3-97C2-CD54440F3DE5}.Debug|x64.ActiveCfg = Debug|x64
		{93E8EFCB-829E-46B3-97C2-CD54440F3DE5}.Debug|x64.Build.0 = Debug|x64
		{93E8EFCB-829E-46B3-97C2-CD54440F3DE5}.Debug|x86.ActiveCfg = Debug|Win32
		{93E8EFCB-829E-46B3-97C2-CD54440F3DE5}.Debug|x86.Build.0 = Debug|Win32
		{93E8EFCB-829E-46B3-97C2-CD54440F3DE5}.Release|x64.ActiveCfg = Release|x64
		{93E8EFCB-829E-46B3-97C2-CD54440F3DE5}.Release|x64.Build.0 = Release|x64
		{93E8EFCB-829E-46B3-97C2-CD54440F3DE5}.Release|x86.ActiveCfg = Release|Win32
		{93E8EFCB-829E-46B3-97C2-CD54440F3DE5}.Release|x86.Build.0 = Release|Win32
		{0512EF58-4A96-468B-A6B3-EC928BB3A325}.Debug|x64.ActiveCfg = Debug|x64
		{0512EF58-4A96-468B-A6B3-EC928BB3A325}.Debug|x64.Build.0 = Debug|x64
		{0512EF58-4A96-468B-A6B3-EC928BB3A325}.Debug|x86.ActiveCfg = Debug|Win32
		{0512EF58-4A96-468B-A6B3-EC928BB3A325}.Debug|x86.Build.0 = Debug|Win32
		{0512EF58-4A96-468B-A6B3-EC928BB3A325}.Release|x64.ActiveCfg = Release|x64
		{0512EF58-4A96-468B-A6B3-EC928BB3A325}.Release|x64.Build.0 = Release|x64
		{0512EF58-4A96-468B-A6B3-EC928BB3A325}.Release|x86.ActiveCfg = Release|Win32
		{0512EF58-4A96-468B-A6B3-EC928BB3A325}.Release|x86.Build.0 = Release|Win32
		{8F4AFC2F-22AC-44D9-8CC2-C4ACB3651159}.Debug|x64.ActiveCfg = Debug|x64
		{8F4AFC2F-22AC-44D9-8CC2-C4ACB3651159}.Debug|x64.Build.0 = Debug|x64
		{8F4AFC2F-22AC-44D9-8CC2-C4ACB3651159}.Debug|x86.ActiveCfg = Debug|Win32
		{8F4AFC2F-22AC-44D9-8CC2-C4ACB3651159}.Debug|x86.Build.0 = Debug|Win32
		{8F4AFC2F-22AC-44D9-8CC2-C4ACB3651159}.Release|x64.ActiveCfg = Release|x64
		{8F4AFC2F-22AC-44D9-8CC2-C4ACB3651159}.Release|x64.Build.0 = Release|x64
		{8F4AFC2F-22AC-44D9-8CC2-C4ACB3651159}.Release|x86.ActiveCfg = Release|Win32
		{8F4AFC2F-22AC-44D9-8CC2-C4ACB3651159}.Release|x86.Build.0 = Release|Win32
		{9B6E7659-8E26-4D0E-9D52-E2D3EADDE2EC}.Debug|x64.ActiveCfg = Debug|x64
		{9B6E7659-8E26-4D0E-9D52-E2D3EADDE2EC}.Debug|x64.Build.0 = Debug|x64
		{9B6E7659-8E26-4D0E-9D52-E2D3EADDE2EC}.Debug|x86.ActiveCfg = Debug|Win32
		{9B6E7659-8E26-4D0E-9D52-E2D3EADDE2EC}.Debug|x86.Build.0 = Debug|Win32
		{9B6E7659-8E26-4D0E-9D52-E2D3EADDE2EC}.Release|x64.ActiveCfg = Release|x64
		{9B6E7659-8E26-4D0E-9D52-E2D3EADDE2EC}.Release|x64.Build.0 = Release|x64
		{9B6E7659-8E26-4D0E-9D52-E2D3EADDE2EC}.Release|x86.ActiveCfg = Release|Win32
		{9B6E7659-8E26-4D0E-9D52-E2D3EADDE2EC}.Release|x86.Build.0 = Release|Win32
		{4169FF8C-21A3-4288-AA0A-96820BF7D111}.Debug|x64.ActiveCfg = Debug|x64
		{4169FF8C-21A3-4288-AA0A-96820BF7D111}.Debug|x64.Build.0 = Debug|x64
		{4169FF8C-21A3-4288-AA0A-96820BF7D111}.Debug|x86.ActiveCfg = Debug|Win32
		{4169FF8C-21A3-4288-AA0A-96820BF7D111}.Debug|x86.Build.0 = Debug|Win32
		{4169FF8C-21A3-4288-AA0A-96820BF7D111}.Release|x64.ActiveCfg = Release|x64
		{4169FF8C-21A3-4288-AA0A-96820BF7D111}.Release|x64.Build.0 = Release|x64
		{4169FF8C-21A3-4288-AA0A-96820BF7D111}.Release|x86.ActiveCfg = Release|Win32
		{4169FF8C-21A3-4288-AA0A-96820BF7D111}.Release|x86.Build.0 = Release|Win32
		{52890289-D19B-4979-8F5D-BBA6AAAC9036}.Debug|x64.ActiveCfg = Debug|x64
		{52890289-D19B-4979-8F5D-BBA6AAAC9036}.Debug|x64.Build.0 = Debug|x64
		{52890289-D19B-4979-8F5D-BBA6AAAC9036}.Debug|x86.ActiveCfg = Debug|Win32
		{52890289-D19B-4979-8F5D-BBA6AAAC9036}.Debug|x86.Build.0 = Debug|Win32
		{52890289-D19B-4979-8F5D-BBA6AAAC9036}.Release|x64.ActiveCfg = Release|x64
		{52890289-D19B-4979-8F5D-BBA6AAAC9036}.Release|x64.Build.0 = Release|x64
		{52890289-D19B-4979-8F5D-BBA6AAAC9036}.Release|x86.ActiveCfg = Release|Win32
		{52890289-D19B-4979-8F5D-BBA6AAAC9036}.Release|x86.Build.0 = Release|Win32
		{D4B9D734-4F6E-40D8-9DDF-5F1AFCD19C26}.Debug|x64.ActiveCfg = Debug|x64
		{D4B9D734-4F6E-40D8-9DDF-5F1AFCD19C26}.Debug|x64.Build.0 = Debug|x64
		{D4B9D734-4F6E-40D8-9DDF-5F1AFCD19C26}.Debug|x86.ActiveCfg = Debug|Win32
		{D4B9D734-4F6E-40D8-9DDF-5F1AFCD19C26}.Debug|x86.Build.0 = Debug|Win32
		{D4B9D734-4F6E-40D8-9DDF-5F1AFCD19C26}.Release|x64.ActiveCfg = Release|x64
		{D4B9D734-4F6E-40D8-9DDF-5F1AFCD19C26}.Release|x64.Build.0 = Release|x64
		{D4B9D734-4F6E-40D8-9DDF-5F1AFCD19C26}.Release|x86.ActiveCfg = Release|Win32
		{D4B9D734-4F6E-40D8-9DDF-5F1AFCD19C26}.Release|x86.Build.0 = Release|Win32
		{CC35F0EB-F9AB-4C25-B6BE-164FA90D4FEE}.Debug|x64.ActiveCfg = Debug|x64
		{CC35F0EB-F9AB-4C25-B6BE-164FA90D4FEE}.Debug|x64.Build.0 = Debug|x64
		{CC35F0EB-F9AB-4C25-B6BE-164FA90D4FEE}.Debug|x86.ActiveCfg = Debug|Win32
		{CC35F0EB-F9AB-4C25-B6BE-164FA90D4FEE}.Debug|x86.Build.0 = Debug|Win32
		{CC35F0EB-F9AB-4C25-B6BE-164FA90D4FEE}.Release|x64.ActiveCfg = Release|x64
		{CC35F0EB-F9AB-4C25-B6BE-164FA90D4FEE}.Release|x64.Build.0 = Release|x64
		{CC35F0EB-F9AB-4C25-B6BE-164FA90D4FEE}.Release|x86.ActiveCfg = Release|Win32
		{CC35F0EB-F9AB-4C25-B6BE-164FA90D4FEE}.Release|x86.Build.0 = Release|Win32
		{825FD3A8-D131-4E58-8A14-1162DB8CD31D}.Debug|x64.ActiveCfg = Debug|x64
		{825FD3A8-D131-4E58-8A14-1162DB8CD31D}.Debug|x64.Build.0 = Debug|x64
		{825FD3A8-D131-4E58-8A14-1162DB8CD31D}.Debug|x86.ActiveCfg = Debug|Win32
		{825FD3A8-D131-4E58-8A14-1162DB8CD31D}.Debug|x86.Build.0 = Debug|Win32
		{825FD3A8-D131-4E58-8A14-1162DB8CD31D}.Release|x64.ActiveCfg = Release|x64
		{825FD3A8-D131-4E58-8A14-1162DB8CD31D}.Release|x64.Build.0 = Release|x64
		{825FD3A8-D131-4E58-8A14-1162DB8CD31D}.Release|x86.ActiveCfg = Release|Win32
		{825FD3A8-D131-4E58-8A14-1162DB8CD31D}.Release|x86.Build.0 = Release|Win32
		{8DC683F6-D410-4DB4-8F75-2230D5363AA7}.Debug|x64.ActiveCfg = Debug|x64
		{8DC683F6-D410-4DB4-8F75-2230D5363AA7}.Debug|x64.Build.0 = Debug|x64
		{8DC683F6-D410-4DB4-8F75-2230D5363AA7}.Debug|x86.ActiveCfg = Debug|Win32
		{8DC683F6-D410-4DB4-8F75-2230D5363AA7}.Debug|x86.Build.0 = Debug|Win32
		{8DC683F6-D410-4DB4-8F75-2230D5363AA7}.Release|x64.ActiveCfg = Release|x64
		{8DC683F6-D410-4DB4-8F75-2230D5363AA7}.Release|x64.Build.0 = Release|x64
		{8DC683F6-D410-4DB4-8F75-2230D5363AA7}.Release|x86.ActiveCfg = Release|Win32
		{8DC683F6-D410-4DB4-8F75-2230D5363AA7}.Release|x86.Build.0 = Release|Win32
	EndGlobalSection
	GlobalSection(SolutionProperties) = preSolution
		HideSolutionNode = FALSE
	EndGlobalSection
	GlobalSection(ExtensibilityGlobals) = postSolution
		SolutionGuid = {92C47E35-1DC8-4C21-9495-5D98E22520C2}
	EndGlobalSection
EndGlobal
